<?xml version="1.0" encoding="utf-8"?>
<Project ToolsVersion="4.0" xmlns="http://schemas.microsoft.com/developer/msbuild/2003">
  <ItemGroup>
    <Filter Include="Source Files">
      <UniqueIdentifier>{4FC737F1-C7A5-4376-A066-2A32D752A2FF}</UniqueIdentifier>
      <Extensions>cpp;c;cc;cxx;def;odl;idl;hpj;bat;asm;asmx</Extensions>
    </Filter>
    <Filter Include="Header Files">
      <UniqueIdentifier>{93995380-89BD-4b04-88EB-625FBE52EBFB}</UniqueIdentifier>
      <Extensions>h;hpp;hxx;hm;inl;inc;xsd</Extensions>
    </Filter>
    <Filter Include="Resource Files">
      <UniqueIdentifier>{67DA6AB6-F800-4c08-8B7A-83BB121AAD01}</UniqueIdentifier>
      <Extensions>rc;ico;cur;bmp;dlg;rc2;rct;bin;rgs;gif;jpg;jpeg;jpe;resx;tiff;tif;png;wav;mfcribbon-ms</Extensions>
    </Filter>
    <Filter Include="Source Files\utils">
      <UniqueIdentifier>{ab462bf9-5e19-45e5-9829-cd53d071ecbf}</UniqueIdentifier>
    </Filter>
    <Filter Include="Source Files\scene">
      <UniqueIdentifier>{c911c83a-e743-41b7-8010-875038827d94}</UniqueIdentifier>
    </Filter>
    <Filter Include="Source Files\resources">
      <UniqueIdentifier>{6aec6e6b-fe24-4e59-805c-3b0ca8e87b42}</UniqueIdentifier>
    </Filter>
    <Filter Include="Source Files\renderer">
      <UniqueIdentifier>{de58c8d2-e060-41a0-9572-6467e048ba18}</UniqueIdentifier>
    </Filter>
    <Filter Include="Source Files\renderables">
      <UniqueIdentifier>{c898e2f2-b266-408e-909a-03fdd77d790d}</UniqueIdentifier>
    </Filter>
    <Filter Include="Source Files\exceptions">
      <UniqueIdentifier>{e4c55db9-c6bd-4d01-ba15-72dc8bbf1e7d}</UniqueIdentifier>
    </Filter>
    <Filter Include="Source Files\renderables\entities">
      <UniqueIdentifier>{00697c1d-992e-441b-b646-a97390bf9ff7}</UniqueIdentifier>
    </Filter>
    <Filter Include="Source Files\renderables\nodes">
      <UniqueIdentifier>{b51bf795-9f58-46e0-af26-ba11b07856e9}</UniqueIdentifier>
    </Filter>
    <Filter Include="Source Files\animators">
      <UniqueIdentifier>{0f20aae3-f176-482e-a0ec-9b1f9bfc2e7d}</UniqueIdentifier>
    </Filter>
    <Filter Include="Source Files\managed_resources">
      <UniqueIdentifier>{4cd969d3-cba4-4db7-9ace-5084083d4d33}</UniqueIdentifier>
    </Filter>
    <Filter Include="Source Files\basic_types">
      <UniqueIdentifier>{da3e0efa-281c-48ed-9a36-8478bc721581}</UniqueIdentifier>
    </Filter>
  </ItemGroup>
  <ItemGroup>
    <ClCompile Include="..\source\NessEngine\NessEngine.cpp">
      <Filter>Source Files</Filter>
    </ClCompile>
    <ClCompile Include="..\source\NessEngine\scene\camera.cpp">
      <Filter>Source Files\scene</Filter>
    </ClCompile>
    <ClCompile Include="..\source\NessEngine\scene\scene.cpp">
      <Filter>Source Files\scene</Filter>
    </ClCompile>
    <ClCompile Include="..\source\NessEngine\renderer\renderer.cpp">
      <Filter>Source Files\renderer</Filter>
    </ClCompile>
    <ClCompile Include="dllmain.cpp">
      <Filter>Source Files</Filter>
    </ClCompile>
    <ClCompile Include="..\source\NessEngine\utils\keyboard.cpp">
      <Filter>Source Files\utils</Filter>
    </ClCompile>
    <ClCompile Include="..\source\NessEngine\utils\mouse.cpp">
      <Filter>Source Files\utils</Filter>
    </ClCompile>
    <ClCompile Include="..\source\NessEngine\utils\events_poller.cpp">
      <Filter>Source Files\utils</Filter>
    </ClCompile>
    <ClCompile Include="..\source\NessEngine\renderable\nodes\node.cpp">
      <Filter>Source Files\renderables\nodes</Filter>
    </ClCompile>
    <ClCompile Include="..\source\NessEngine\renderable\nodes\znode.cpp">
      <Filter>Source Files\renderables\nodes</Filter>
    </ClCompile>
    <ClCompile Include="..\source\NessEngine\renderable\entities\canvas.cpp">
      <Filter>Source Files\renderables\entities</Filter>
    </ClCompile>
    <ClCompile Include="..\source\NessEngine\renderable\entities\shapes.cpp">
      <Filter>Source Files\renderables\entities</Filter>
    </ClCompile>
    <ClCompile Include="..\source\NessEngine\renderable\entities\sprite.cpp">
      <Filter>Source Files\renderables\entities</Filter>
    </ClCompile>
    <ClCompile Include="..\source\NessEngine\renderable\entities\entity.cpp">
      <Filter>Source Files\renderables\entities</Filter>
    </ClCompile>
    <ClCompile Include="..\source\NessEngine\renderable\nodes\tile_map.cpp">
      <Filter>Source Files\renderables\nodes</Filter>
    </ClCompile>
    <ClCompile Include="..\source\NessEngine\renderable\entities\text.cpp">
      <Filter>Source Files\renderables\entities</Filter>
    </ClCompile>
    <ClCompile Include="..\source\NessEngine\managed_resources\resources_manager.cpp">
      <Filter>Source Files\managed_resources</Filter>
    </ClCompile>
    <ClCompile Include="..\source\NessEngine\resources\font.cpp">
      <Filter>Source Files\resources</Filter>
    </ClCompile>
    <ClCompile Include="..\source\NessEngine\resources\TextureSheet.cpp">
      <Filter>Source Files\resources</Filter>
    </ClCompile>
    <ClCompile Include="..\source\NessEngine\basic_types\consts.cpp">
      <Filter>Source Files\basic_types</Filter>
    </ClCompile>
    <ClCompile Include="..\source\NessEngine\renderable\nodes\light_node.cpp">
      <Filter>Source Files\renderables\nodes</Filter>
    </ClCompile>
    <ClCompile Include="..\source\NessEngine\renderable\nodes\basic_node.cpp">
      <Filter>Source Files\renderables\nodes</Filter>
    </ClCompile>
    <ClCompile Include="..\source\NessEngine\renderable\entities\multiline_text.cpp">
      <Filter>Source Files\renderables\entities</Filter>
    </ClCompile>
    <ClCompile Include="..\source\NessEngine\utils\application_events.cpp">
      <Filter>Source Files\utils</Filter>
    </ClCompile>
    <ClCompile Include="..\source\NessEngine\renderable\nodes\static_node.cpp">
      <Filter>Source Files\renderables\nodes</Filter>
    </ClCompile>
    <ClCompile Include="..\source\NessEngine\utils\logo_show.cpp">
      <Filter>Source Files\utils</Filter>
    </ClCompile>
    <ClCompile Include="..\source\NessEngine\renderable\nodes\nodes_map.cpp">
      <Filter>Source Files\renderables\nodes</Filter>
    </ClCompile>
    <ClCompile Include="..\source\NessEngine\renderable\nodes\particles_node.cpp">
      <Filter>Source Files\renderables\nodes</Filter>
    </ClCompile>
  </ItemGroup>
  <ItemGroup>
    <ClInclude Include="..\source\NessEngine\NessEngine.h">
      <Filter>Source Files</Filter>
    </ClInclude>
    <ClInclude Include="..\source\NessEngine\utils\keyboard.h">
      <Filter>Source Files\utils</Filter>
    </ClInclude>
    <ClInclude Include="..\source\NessEngine\scene\camera.h">
      <Filter>Source Files\scene</Filter>
    </ClInclude>
    <ClInclude Include="..\source\NessEngine\scene\scene.h">
      <Filter>Source Files\scene</Filter>
    </ClInclude>
    <ClInclude Include="..\source\NessEngine\renderer\renderer.h">
      <Filter>Source Files\renderer</Filter>
    </ClInclude>
    <ClInclude Include="..\source\NessEngine\exceptions\exceptions.h">
      <Filter>Source Files\exceptions</Filter>
    </ClInclude>
    <ClInclude Include="..\source\NessEngine\exports.h">
      <Filter>Source Files</Filter>
    </ClInclude>
    <ClInclude Include="..\source\NessEngine\utils\mouse.h">
      <Filter>Source Files\utils</Filter>
    </ClInclude>
    <ClInclude Include="..\source\NessEngine\utils\events_poller.h">
      <Filter>Source Files\utils</Filter>
    </ClInclude>
    <ClInclude Include="..\source\NessEngine\utils\event_handler.h">
      <Filter>Source Files\utils</Filter>
    </ClInclude>
    <ClInclude Include="..\source\NessEngine\renderable\nodes\node.h">
      <Filter>Source Files\renderables\nodes</Filter>
    </ClInclude>
    <ClInclude Include="..\source\NessEngine\renderable\nodes\znode.h">
      <Filter>Source Files\renderables\nodes</Filter>
    </ClInclude>
    <ClInclude Include="..\source\NessEngine\renderable\entities\canvas.h">
      <Filter>Source Files\renderables\entities</Filter>
    </ClInclude>
    <ClInclude Include="..\source\NessEngine\renderable\entities\shapes.h">
      <Filter>Source Files\renderables\entities</Filter>
    </ClInclude>
    <ClInclude Include="..\source\NessEngine\renderable\entities\sprite.h">
      <Filter>Source Files\renderables\entities</Filter>
    </ClInclude>
    <ClInclude Include="..\source\NessEngine\renderable\node_api.h">
      <Filter>Source Files\renderables</Filter>
    </ClInclude>
    <ClInclude Include="..\source\NessEngine\renderable\entity_api.h">
      <Filter>Source Files\renderables</Filter>
    </ClInclude>
    <ClInclude Include="..\source\NessEngine\renderable\transformations.h">
      <Filter>Source Files\renderables</Filter>
    </ClInclude>
    <ClInclude Include="..\source\NessEngine\renderable\renderable_api.h">
      <Filter>Source Files\renderables</Filter>
    </ClInclude>
    <ClInclude Include="..\source\NessEngine\renderable\entities\entity.h">
      <Filter>Source Files\renderables\entities</Filter>
    </ClInclude>
    <ClInclude Include="..\source\NessEngine\renderable\entities\all_entities.h">
      <Filter>Source Files\renderables\entities</Filter>
    </ClInclude>
    <ClInclude Include="..\source\NessEngine\renderable\nodes\tile_map.h">
      <Filter>Source Files\renderables\nodes</Filter>
    </ClInclude>
    <ClInclude Include="..\source\NessEngine\renderable\nodes\all_nodes.h">
      <Filter>Source Files\renderables\nodes</Filter>
    </ClInclude>
    <ClInclude Include="..\source\NessEngine\renderable\transformable_api.h">
      <Filter>Source Files\renderables</Filter>
    </ClInclude>
    <ClInclude Include="..\source\NessEngine\animators\animator_api.h">
      <Filter>Source Files\animators</Filter>
    </ClInclude>
    <ClInclude Include="..\source\NessEngine\animators\animator_fader.h">
      <Filter>Source Files\animators</Filter>
    </ClInclude>
    <ClInclude Include="..\source\NessEngine\animators\all_animators.h">
      <Filter>Source Files\animators</Filter>
    </ClInclude>
    <ClInclude Include="..\source\NessEngine\animators\animator_sprite.h">
      <Filter>Source Files\animators</Filter>
    </ClInclude>
    <ClInclude Include="..\source\NessEngine\renderable\entities\text.h">
      <Filter>Source Files\renderables\entities</Filter>
    </ClInclude>
    <ClInclude Include="..\source\NessEngine\managed_resources\managed_font.h">
      <Filter>Source Files\managed_resources</Filter>
    </ClInclude>
    <ClInclude Include="..\source\NessEngine\managed_resources\managed_resource.h">
      <Filter>Source Files\managed_resources</Filter>
    </ClInclude>
    <ClInclude Include="..\source\NessEngine\managed_resources\managed_texture.h">
      <Filter>Source Files\managed_resources</Filter>
    </ClInclude>
    <ClInclude Include="..\source\NessEngine\managed_resources\resources_manager.h">
      <Filter>Source Files\managed_resources</Filter>
    </ClInclude>
    <ClInclude Include="..\source\NessEngine\resources\font.h">
      <Filter>Source Files\resources</Filter>
    </ClInclude>
    <ClInclude Include="..\source\NessEngine\resources\TextureSheet.h">
      <Filter>Source Files\resources</Filter>
    </ClInclude>
    <ClInclude Include="..\source\NessEngine\basic_types\color.h">
      <Filter>Source Files\basic_types</Filter>
    </ClInclude>
    <ClInclude Include="..\source\NessEngine\basic_types\containers.h">
      <Filter>Source Files\basic_types</Filter>
    </ClInclude>
    <ClInclude Include="..\source\NessEngine\basic_types\math.h">
      <Filter>Source Files\basic_types</Filter>
    </ClInclude>
    <ClInclude Include="..\source\NessEngine\basic_types\point.h">
      <Filter>Source Files\basic_types</Filter>
    </ClInclude>
    <ClInclude Include="..\source\NessEngine\basic_types\rectangle.h">
      <Filter>Source Files\basic_types</Filter>
    </ClInclude>
    <ClInclude Include="..\source\NessEngine\basic_types\size.h">
      <Filter>Source Files\basic_types</Filter>
    </ClInclude>
    <ClInclude Include="..\source\NessEngine\basic_types\all_basic_types.h">
      <Filter>Source Files\basic_types</Filter>
    </ClInclude>
    <ClInclude Include="..\source\NessEngine\exceptions\log.h">
      <Filter>Source Files\exceptions</Filter>
    </ClInclude>
    <ClInclude Include="..\source\NessEngine\renderable\nodes\light_node.h">
      <Filter>Source Files\renderables\nodes</Filter>
    </ClInclude>
    <ClInclude Include="..\source\NessEngine\renderable\nodes\basic_node.h">
      <Filter>Source Files\renderables\nodes</Filter>
    </ClInclude>
    <ClInclude Include="..\source\NessEngine\renderable\entities\multiline_text.h">
      <Filter>Source Files\renderables\entities</Filter>
    </ClInclude>
    <ClInclude Include="..\source\NessEngine\basic_types\events.h">
      <Filter>Source Files\basic_types</Filter>
    </ClInclude>
    <ClInclude Include="..\source\NessEngine\utils\application_events.h">
      <Filter>Source Files\utils</Filter>
    </ClInclude>
    <ClInclude Include="..\source\NessEngine\renderable\nodes\static_node.h">
      <Filter>Source Files\renderables\nodes</Filter>
    </ClInclude>
    <ClInclude Include="..\source\NessEngine\utils\logo_show.h">
      <Filter>Source Files\utils</Filter>
    </ClInclude>
    <ClInclude Include="..\source\NessEngine\renderable\nodes\nodes_map.h">
      <Filter>Source Files\renderables\nodes</Filter>
    </ClInclude>
    <ClInclude Include="..\source\NessEngine\renderable\nodes\particles_node.h">
      <Filter>Source Files\renderables\nodes</Filter>
    </ClInclude>
    <ClInclude Include="..\source\NessEngine\animators\animator_color_shifter.h">
      <Filter>Source Files\animators</Filter>
    </ClInclude>
    <ClInclude Include="..\source\NessEngine\renderable\entities\animated_sprite.h">
      <Filter>Source Files\renderables\entities</Filter>
    </ClInclude>
  </ItemGroup>
</Project>