<?xml version="1.0" encoding="utf-8"?>
<Project ToolsVersion="4.0" xmlns="http://schemas.microsoft.com/developer/msbuild/2003">
  <ItemGroup>
    <Filter Include="Source Files">
      <UniqueIdentifier>{4FC737F1-C7A5-4376-A066-2A32D752A2FF}</UniqueIdentifier>
      <Extensions>cpp;c;cc;cxx;def;odl;idl;hpj;bat;asm;asmx</Extensions>
    </Filter>
    <Filter Include="Header Files">
      <UniqueIdentifier>{93995380-89BD-4b04-88EB-625FBE52EBFB}</UniqueIdentifier>
      <Extensions>h;hpp;hxx;hm;inl;inc;xsd</Extensions>
    </Filter>
    <Filter Include="Resource Files">
      <UniqueIdentifier>{67DA6AB6-F800-4c08-8B7A-83BB121AAD01}</UniqueIdentifier>
      <Extensions>rc;ico;cur;bmp;dlg;rc2;rct;bin;rgs;gif;jpg;jpeg;jpe;resx;tiff;tif;png;wav;mfcribbon-ms</Extensions>
    </Filter>
  </ItemGroup>
  <ItemGroup>
    <ClCompile Include="main.cpp">
      <Filter>Source Files</Filter>
    </ClCompile>
  </ItemGroup>
  <ItemGroup>
    <ClInclude Include="ness-engine\include\begin_code.h">
      <Filter>Resource Files</Filter>
    </ClInclude>
    <ClInclude Include="ness-engine\include\close_code.h">
      <Filter>Resource Files</Filter>
    </ClInclude>
    <ClInclude Include="ness-engine\include\exports.h">
      <Filter>Resource Files</Filter>
    </ClInclude>
    <ClInclude Include="ness-engine\include\NessEngine.h">
      <Filter>Resource Files</Filter>
    </ClInclude>
    <ClInclude Include="ness-engine\include\SDL.h">
      <Filter>Resource Files</Filter>
    </ClInclude>
    <ClInclude Include="ness-engine\include\SDL_assert.h">
      <Filter>Resource Files</Filter>
    </ClInclude>
    <ClInclude Include="ness-engine\include\SDL_atomic.h">
      <Filter>Resource Files</Filter>
    </ClInclude>
    <ClInclude Include="ness-engine\include\SDL_audio.h">
      <Filter>Resource Files</Filter>
    </ClInclude>
    <ClInclude Include="ness-engine\include\SDL_bits.h">
      <Filter>Resource Files</Filter>
    </ClInclude>
    <ClInclude Include="ness-engine\include\SDL_blendmode.h">
      <Filter>Resource Files</Filter>
    </ClInclude>
    <ClInclude Include="ness-engine\include\SDL_clipboard.h">
      <Filter>Resource Files</Filter>
    </ClInclude>
    <ClInclude Include="ness-engine\include\SDL_config.h">
      <Filter>Resource Files</Filter>
    </ClInclude>
    <ClInclude Include="ness-engine\include\SDL_cpuinfo.h">
      <Filter>Resource Files</Filter>
    </ClInclude>
    <ClInclude Include="ness-engine\include\SDL_endian.h">
      <Filter>Resource Files</Filter>
    </ClInclude>
    <ClInclude Include="ness-engine\include\SDL_error.h">
      <Filter>Resource Files</Filter>
    </ClInclude>
    <ClInclude Include="ness-engine\include\SDL_events.h">
      <Filter>Resource Files</Filter>
    </ClInclude>
    <ClInclude Include="ness-engine\include\SDL_filesystem.h">
      <Filter>Resource Files</Filter>
    </ClInclude>
    <ClInclude Include="ness-engine\include\SDL_gamecontroller.h">
      <Filter>Resource Files</Filter>
    </ClInclude>
    <ClInclude Include="ness-engine\include\SDL_gesture.h">
      <Filter>Resource Files</Filter>
    </ClInclude>
    <ClInclude Include="ness-engine\include\SDL_haptic.h">
      <Filter>Resource Files</Filter>
    </ClInclude>
    <ClInclude Include="ness-engine\include\SDL_hints.h">
      <Filter>Resource Files</Filter>
    </ClInclude>
    <ClInclude Include="ness-engine\include\SDL_image.h">
      <Filter>Resource Files</Filter>
    </ClInclude>
    <ClInclude Include="ness-engine\include\SDL_joystick.h">
      <Filter>Resource Files</Filter>
    </ClInclude>
    <ClInclude Include="ness-engine\include\SDL_keyboard.h">
      <Filter>Resource Files</Filter>
    </ClInclude>
    <ClInclude Include="ness-engine\include\SDL_keycode.h">
      <Filter>Resource Files</Filter>
    </ClInclude>
    <ClInclude Include="ness-engine\include\SDL_loadso.h">
      <Filter>Resource Files</Filter>
    </ClInclude>
    <ClInclude Include="ness-engine\include\SDL_log.h">
      <Filter>Resource Files</Filter>
    </ClInclude>
    <ClInclude Include="ness-engine\include\SDL_main.h">
      <Filter>Resource Files</Filter>
    </ClInclude>
    <ClInclude Include="ness-engine\include\SDL_messagebox.h">
      <Filter>Resource Files</Filter>
    </ClInclude>
    <ClInclude Include="ness-engine\include\SDL_mouse.h">
      <Filter>Resource Files</Filter>
    </ClInclude>
    <ClInclude Include="ness-engine\include\SDL_mutex.h">
      <Filter>Resource Files</Filter>
    </ClInclude>
    <ClInclude Include="ness-engine\include\SDL_name.h">
      <Filter>Resource Files</Filter>
    </ClInclude>
    <ClInclude Include="ness-engine\include\SDL_opengl.h">
      <Filter>Resource Files</Filter>
    </ClInclude>
    <ClInclude Include="ness-engine\include\SDL_opengles.h">
      <Filter>Resource Files</Filter>
    </ClInclude>
    <ClInclude Include="ness-engine\include\SDL_opengles2.h">
      <Filter>Resource Files</Filter>
    </ClInclude>
    <ClInclude Include="ness-engine\include\SDL_pixels.h">
      <Filter>Resource Files</Filter>
    </ClInclude>
    <ClInclude Include="ness-engine\include\SDL_platform.h">
      <Filter>Resource Files</Filter>
    </ClInclude>
    <ClInclude Include="ness-engine\include\SDL_power.h">
      <Filter>Resource Files</Filter>
    </ClInclude>
    <ClInclude Include="ness-engine\include\SDL_quit.h">
      <Filter>Resource Files</Filter>
    </ClInclude>
    <ClInclude Include="ness-engine\include\SDL_rect.h">
      <Filter>Resource Files</Filter>
    </ClInclude>
    <ClInclude Include="ness-engine\include\SDL_render.h">
      <Filter>Resource Files</Filter>
    </ClInclude>
    <ClInclude Include="ness-engine\include\SDL_revision.h">
      <Filter>Resource Files</Filter>
    </ClInclude>
    <ClInclude Include="ness-engine\include\SDL_rwops.h">
      <Filter>Resource Files</Filter>
    </ClInclude>
    <ClInclude Include="ness-engine\include\SDL_scancode.h">
      <Filter>Resource Files</Filter>
    </ClInclude>
    <ClInclude Include="ness-engine\include\SDL_shape.h">
      <Filter>Resource Files</Filter>
    </ClInclude>
    <ClInclude Include="ness-engine\include\SDL_stdinc.h">
      <Filter>Resource Files</Filter>
    </ClInclude>
    <ClInclude Include="ness-engine\include\SDL_surface.h">
      <Filter>Resource Files</Filter>
    </ClInclude>
    <ClInclude Include="ness-engine\include\SDL_system.h">
      <Filter>Resource Files</Filter>
    </ClInclude>
    <ClInclude Include="ness-engine\include\SDL_syswm.h">
      <Filter>Resource Files</Filter>
    </ClInclude>
    <ClInclude Include="ness-engine\include\SDL_test.h">
      <Filter>Resource Files</Filter>
    </ClInclude>
    <ClInclude Include="ness-engine\include\SDL_test_assert.h">
      <Filter>Resource Files</Filter>
    </ClInclude>
    <ClInclude Include="ness-engine\include\SDL_test_common.h">
      <Filter>Resource Files</Filter>
    </ClInclude>
    <ClInclude Include="ness-engine\include\SDL_test_compare.h">
      <Filter>Resource Files</Filter>
    </ClInclude>
    <ClInclude Include="ness-engine\include\SDL_test_crc32.h">
      <Filter>Resource Files</Filter>
    </ClInclude>
    <ClInclude Include="ness-engine\include\SDL_test_font.h">
      <Filter>Resource Files</Filter>
    </ClInclude>
    <ClInclude Include="ness-engine\include\SDL_test_fuzzer.h">
      <Filter>Resource Files</Filter>
    </ClInclude>
    <ClInclude Include="ness-engine\include\SDL_test_harness.h">
      <Filter>Resource Files</Filter>
    </ClInclude>
    <ClInclude Include="ness-engine\include\SDL_test_images.h">
      <Filter>Resource Files</Filter>
    </ClInclude>
    <ClInclude Include="ness-engine\include\SDL_test_log.h">
      <Filter>Resource Files</Filter>
    </ClInclude>
    <ClInclude Include="ness-engine\include\SDL_test_md5.h">
      <Filter>Resource Files</Filter>
    </ClInclude>
    <ClInclude Include="ness-engine\include\SDL_test_random.h">
      <Filter>Resource Files</Filter>
    </ClInclude>
    <ClInclude Include="ness-engine\include\SDL_thread.h">
      <Filter>Resource Files</Filter>
    </ClInclude>
    <ClInclude Include="ness-engine\include\SDL_timer.h">
      <Filter>Resource Files</Filter>
    </ClInclude>
    <ClInclude Include="ness-engine\include\SDL_touch.h">
      <Filter>Resource Files</Filter>
    </ClInclude>
    <ClInclude Include="ness-engine\include\SDL_types.h">
      <Filter>Resource Files</Filter>
    </ClInclude>
    <ClInclude Include="ness-engine\include\SDL_version.h">
      <Filter>Resource Files</Filter>
    </ClInclude>
    <ClInclude Include="ness-engine\include\SDL_video.h">
      <Filter>Resource Files</Filter>
    </ClInclude>
    <ClInclude Include="ness-engine\include\utils\keyboard.h">
      <Filter>Resource Files</Filter>
    </ClInclude>
    <ClInclude Include="ness-engine\include\texture\TextureSheet.h">
      <Filter>Resource Files</Filter>
    </ClInclude>
    <ClInclude Include="ness-engine\include\scene\camera.h">
      <Filter>Resource Files</Filter>
    </ClInclude>
    <ClInclude Include="ness-engine\include\scene\scene.h">
      <Filter>Resource Files</Filter>
    </ClInclude>
    <ClInclude Include="ness-engine\include\resources\managed_resource.h">
      <Filter>Resource Files</Filter>
    </ClInclude>
    <ClInclude Include="ness-engine\include\resources\managed_texture.h">
      <Filter>Resource Files</Filter>
    </ClInclude>
    <ClInclude Include="ness-engine\include\resources\resources_manager.h">
      <Filter>Resource Files</Filter>
    </ClInclude>
    <ClInclude Include="ness-engine\include\primitives\color.h">
      <Filter>Resource Files</Filter>
    </ClInclude>
    <ClInclude Include="ness-engine\include\primitives\point.h">
      <Filter>Resource Files</Filter>
    </ClInclude>
    <ClInclude Include="ness-engine\include\primitives\primitives.h">
      <Filter>Resource Files</Filter>
    </ClInclude>
    <ClInclude Include="ness-engine\include\primitives\rectangle.h">
      <Filter>Resource Files</Filter>
    </ClInclude>
    <ClInclude Include="ness-engine\include\primitives\size.h">
      <Filter>Resource Files</Filter>
    </ClInclude>
    <ClInclude Include="ness-engine\include\renderable\canvas.h">
      <Filter>Resource Files</Filter>
    </ClInclude>
    <ClInclude Include="ness-engine\include\renderable\node.h">
      <Filter>Resource Files</Filter>
    </ClInclude>
    <ClInclude Include="ness-engine\include\renderable\renderable.h">
      <Filter>Resource Files</Filter>
    </ClInclude>
    <ClInclude Include="ness-engine\include\renderable\renderable_parent.h">
      <Filter>Resource Files</Filter>
    </ClInclude>
    <ClInclude Include="ness-engine\include\renderable\sprite.h">
      <Filter>Resource Files</Filter>
    </ClInclude>
    <ClInclude Include="ness-engine\include\renderable\tile_map.h">
      <Filter>Resource Files</Filter>
    </ClInclude>
    <ClInclude Include="ness-engine\include\renderable\znode.h">
      <Filter>Resource Files</Filter>
    </ClInclude>
    <ClInclude Include="ness-engine\include\exceptions\exceptions.h">
      <Filter>Resource Files</Filter>
    </ClInclude>
  </ItemGroup>
</Project>